
Microsoft Visual Studio Solution File, Format Version 12.00
# Visual Studio Version 17
VisualStudioVersion = 17.2.32616.157
MinimumVisualStudioVersion = 10.0.40219.1
Project("{8BC9CEB8-8B4A-11D0-8D11-00A0C91BC942}") = "CustomSTL", "CustomSTL\CustomSTL.vcxproj", "{B730988D-B06E-4F9D-BAEC-2C4C4BACC0A7}"
EndProject
Project("{8BC9CEB8-8B4A-11D0-8D11-00A0C91BC942}") = "TestCases", "TestCases\TestCases.vcxproj", "{90EF6E9C-B468-4268-89A6-2C958C23DA49}"
EndProject
Global
	GlobalSection(SolutionConfigurationPlatforms) = preSolution
		Debug|x64 = Debug|x64
		Debug|x86 = Debug|x86
		Release|x64 = Release|x64
		Release|x86 = Release|x86
	EndGlobalSection
	GlobalSection(ProjectConfigurationPlatforms) = postSolution
		{B730988D-B06E-4F9D-BAEC-2C4C4BACC0A7}.Debug|x64.ActiveCfg = Debug|x64
		{B730988D-B06E-4F9D-BAEC-2C4C4BACC0A7}.Debug|x64.Build.0 = Debug|x64
		{B730988D-B06E-4F9D-BAEC-2C4C4BACC0A7}.Debug|x86.ActiveCfg = Debug|Win32
		{B730988D-B06E-4F9D-BAEC-2C4C4BACC0A7}.Debug|x86.Build.0 = Debug|Win32
		{B730988D-B06E-4F9D-BAEC-2C4C4BACC0A7}.Release|x64.ActiveCfg = Release|x64
		{B730988D-B06E-4F9D-BAEC-2C4C4BACC0A7}.Release|x64.Build.0 = Release|x64
		{B730988D-B06E-4F9D-BAEC-2C4C4BACC0A7}.Release|x86.ActiveCfg = Release|Win32
		{B730988D-B06E-4F9D-BAEC-2C4C4BACC0A7}.Release|x86.Build.0 = Release|Win32
		{90EF6E9C-B468-4268-89A6-2C958C23DA49}.Debug|x64.ActiveCfg = Debug|x64
		{90EF6E9C-B468-4268-89A6-2C958C23DA49}.Debug|x64.Build.0 = Debug|x64
		{90EF6E9C-B468-4268-89A6-2C958C23DA49}.Debug|x86.ActiveCfg = Debug|Win32
		{90EF6E9C-B468-4268-89A6-2C958C23DA49}.Debug|x86.Build.0 = Debug|Win32
		{90EF6E9C-B468-4268-89A6-2C958C23DA49}.Release|x64.ActiveCfg = Release|x64
		{90EF6E9C-B468-4268-89A6-2C958C23DA49}.Release|x64.Build.0 = Release|x64
		{90EF6E9C-B468-4268-89A6-2C958C23DA49}.Release|x86.ActiveCfg = Release|Win32
		{90EF6E9C-B468-4268-89A6-2C958C23DA49}.Release|x86.Build.0 = Release|Win32
	EndGlobalSection
	GlobalSection(SolutionProperties) = preSolution
		HideSolutionNode = FALSE
	EndGlobalSection
	GlobalSection(ExtensibilityGlobals) = postSolution
		SolutionGuid = {BFE93D04-B475-497A-B3C2-0C0BB8AA6FF9}
	EndGlobalSection
EndGlobal
